
Microsoft Visual Studio Solution File, Format Version 12.00
# Visual Studio Version 17
VisualStudioVersion = 17.8.34330.188
MinimumVisualStudioVersion = 10.0.40219.1
Project("{FAE04EC0-301F-11D3-BF4B-00C04F79EFBC}") = "events", "events.csproj", "{DB9D4588-2922-40AF-80B9-E889F666519B}"
EndProject
Global
	GlobalSection(SolutionConfigurationPlatforms) = preSolution
		Debug|Any CPU = Debug|Any CPU
		Release|Any CPU = Release|Any CPU
	EndGlobalSection
	GlobalSection(ProjectConfigurationPlatforms) = postSolution
		{DB9D4588-2922-40AF-80B9-E889F666519B}.Debug|Any CPU.ActiveCfg = Debug|Any CPU
		{DB9D4588-2922-40AF-80B9-E889F666519B}.Debug|Any CPU.Build.0 = Debug|Any CPU
		{DB9D4588-2922-40AF-80B9-E889F666519B}.Release|Any CPU.ActiveCfg = Release|Any CPU
		{DB9D4588-2922-40AF-80B9-E889F666519B}.Release|Any CPU.Build.0 = Release|Any CPU
	EndGlobalSection
	GlobalSection(SolutionProperties) = preSolution
		HideSolutionNode = FALSE
	EndGlobalSection
	GlobalSection(ExtensibilityGlobals) = postSolution
		SolutionGuid = {3BBCED89-E99E-4C9F-B31C-8D3DD283D0C0}
	EndGlobalSection
EndGlobal
